
Microsoft Visual Studio Solution File, Format Version 12.00
# Visual Studio Version 17
VisualStudioVersion = 17.2.32526.322
MinimumVisualStudioVersion = 10.0.40219.1
Project("{FAE04EC0-301F-11D3-BF4B-00C04F79EFBC}") = "OOP2Lab1", "OOP2Lab1\OOP2Lab1.csproj", "{F3935F30-C155-4ABD-8E72-A4741E8BD9D9}"
EndProject
Global
	GlobalSection(SolutionConfigurationPlatforms) = preSolution
		Debug|Any CPU = Debug|Any CPU
		Release|Any CPU = Release|Any CPU
	EndGlobalSection
	GlobalSection(ProjectConfigurationPlatforms) = postSolution
		{F3935F30-C155-4ABD-8E72-A4741E8BD9D9}.Debug|Any CPU.ActiveCfg = Debug|Any CPU
		{F3935F30-C155-4ABD-8E72-A4741E8BD9D9}.Debug|Any CPU.Build.0 = Debug|Any CPU
		{F3935F30-C155-4ABD-8E72-A4741E8BD9D9}.Release|Any CPU.ActiveCfg = Release|Any CPU
		{F3935F30-C155-4ABD-8E72-A4741E8BD9D9}.Release|Any CPU.Build.0 = Release|Any CPU
	EndGlobalSection
	GlobalSection(SolutionProperties) = preSolution
		HideSolutionNode = FALSE
	EndGlobalSection
	GlobalSection(ExtensibilityGlobals) = postSolution
		SolutionGuid = {C2DB4807-D704-4F65-80D7-C045ED796A1B}
	EndGlobalSection
EndGlobal
